
Microsoft Visual Studio Solution File, Format Version 12.00
# Visual Studio Version 17
VisualStudioVersion = 17.6.33723.286
MinimumVisualStudioVersion = 10.0.40219.1
Project("{FAE04EC0-301F-11D3-BF4B-00C04F79EFBC}") = "VendorAPI", "VendorAPI\VendorAPI.csproj", "{8A06926C-E61C-4B33-B58E-C1C22C3957EF}"
EndProject
Project("{FAE04EC0-301F-11D3-BF4B-00C04F79EFBC}") = "Vendor.Database", "Vendor.Database\Vendor.Database.csproj", "{EBA7DFBA-AEC3-4A21-B12B-FFB580850C89}"
EndProject
Project("{FAE04EC0-301F-11D3-BF4B-00C04F79EFBC}") = "Vendor.Database.Repository", "Vendor.Database.Repository\Vendor.Database.Repository.csproj", "{B35C0136-437A-4D65-AED5-25B4FDAEF1F9}"
EndProject
Project("{2150E333-8FDC-42A3-9474-1A3956D46DE8}") = "Database", "Database", "{D0FE590A-7BE6-4C09-9790-9165EDE9F2C1}"
EndProject
Global
	GlobalSection(SolutionConfigurationPlatforms) = preSolution
		Debug|Any CPU = Debug|Any CPU
		Release|Any CPU = Release|Any CPU
	EndGlobalSection
	GlobalSection(ProjectConfigurationPlatforms) = postSolution
		{8A06926C-E61C-4B33-B58E-C1C22C3957EF}.Debug|Any CPU.ActiveCfg = Debug|Any CPU
		{8A06926C-E61C-4B33-B58E-C1C22C3957EF}.Debug|Any CPU.Build.0 = Debug|Any CPU
		{8A06926C-E61C-4B33-B58E-C1C22C3957EF}.Release|Any CPU.ActiveCfg = Release|Any CPU
		{8A06926C-E61C-4B33-B58E-C1C22C3957EF}.Release|Any CPU.Build.0 = Release|Any CPU
		{EBA7DFBA-AEC3-4A21-B12B-FFB580850C89}.Debug|Any CPU.ActiveCfg = Debug|Any CPU
		{EBA7DFBA-AEC3-4A21-B12B-FFB580850C89}.Debug|Any CPU.Build.0 = Debug|Any CPU
		{EBA7DFBA-AEC3-4A21-B12B-FFB580850C89}.Release|Any CPU.ActiveCfg = Release|Any CPU
		{EBA7DFBA-AEC3-4A21-B12B-FFB580850C89}.Release|Any CPU.Build.0 = Release|Any CPU
		{B35C0136-437A-4D65-AED5-25B4FDAEF1F9}.Debug|Any CPU.ActiveCfg = Debug|Any CPU
		{B35C0136-437A-4D65-AED5-25B4FDAEF1F9}.Debug|Any CPU.Build.0 = Debug|Any CPU
		{B35C0136-437A-4D65-AED5-25B4FDAEF1F9}.Release|Any CPU.ActiveCfg = Release|Any CPU
		{B35C0136-437A-4D65-AED5-25B4FDAEF1F9}.Release|Any CPU.Build.0 = Release|Any CPU
	EndGlobalSection
	GlobalSection(SolutionProperties) = preSolution
		HideSolutionNode = FALSE
	EndGlobalSection
	GlobalSection(NestedProjects) = preSolution
		{EBA7DFBA-AEC3-4A21-B12B-FFB580850C89} = {D0FE590A-7BE6-4C09-9790-9165EDE9F2C1}
		{B35C0136-437A-4D65-AED5-25B4FDAEF1F9} = {D0FE590A-7BE6-4C09-9790-9165EDE9F2C1}
	EndGlobalSection
	GlobalSection(ExtensibilityGlobals) = postSolution
		SolutionGuid = {87936E08-5667-4F41-BCC8-12806FC59789}
	EndGlobalSection
EndGlobal
